
Microsoft Visual Studio Solution File, Format Version 12.00
Project("{FAE04EC0-301F-11D3-BF4B-00C04F79EFBC}") = "WebAPI", "WebAPI\WebAPI.csproj", "{BD53F7B9-4DA8-4DBF-A09B-3A984FDBD225}"
EndProject
Project("{FAE04EC0-301F-11D3-BF4B-00C04F79EFBC}") = "Core", "Core\Core.csproj", "{69BC0E66-C239-438A-A64D-4FC84651412D}"
EndProject
Project("{FAE04EC0-301F-11D3-BF4B-00C04F79EFBC}") = "DataAccess", "DataAccess\DataAccess.csproj", "{B9E80333-3A5E-4193-9698-272235FF02EB}"
EndProject
Project("{FAE04EC0-301F-11D3-BF4B-00C04F79EFBC}") = "Business", "Business\Business.csproj", "{FA1160F2-CEF9-4C24-9B78-7B58D426CC14}"
EndProject
Project("{FAE04EC0-301F-11D3-BF4B-00C04F79EFBC}") = "Entities", "Entities\Entities.csproj", "{DF5466C9-F87B-4EDE-BA58-E2D0FFB0871B}"
EndProject
Project("{FAE04EC0-301F-11D3-BF4B-00C04F79EFBC}") = "ProjectTests.UnitTests", "ProjectTests.UnitTests\ProjectTests.UnitTests.csproj", "{19E25291-6EE1-4DA6-A55D-8DD8AF806E73}"
EndProject
Global
	GlobalSection(SolutionConfigurationPlatforms) = preSolution
		Debug|Any CPU = Debug|Any CPU
		Release|Any CPU = Release|Any CPU
	EndGlobalSection
	GlobalSection(ProjectConfigurationPlatforms) = postSolution
		{BD53F7B9-4DA8-4DBF-A09B-3A984FDBD225}.Debug|Any CPU.ActiveCfg = Debug|Any CPU
		{BD53F7B9-4DA8-4DBF-A09B-3A984FDBD225}.Debug|Any CPU.Build.0 = Debug|Any CPU
		{BD53F7B9-4DA8-4DBF-A09B-3A984FDBD225}.Release|Any CPU.ActiveCfg = Release|Any CPU
		{BD53F7B9-4DA8-4DBF-A09B-3A984FDBD225}.Release|Any CPU.Build.0 = Release|Any CPU
		{69BC0E66-C239-438A-A64D-4FC84651412D}.Debug|Any CPU.ActiveCfg = Debug|Any CPU
		{69BC0E66-C239-438A-A64D-4FC84651412D}.Debug|Any CPU.Build.0 = Debug|Any CPU
		{69BC0E66-C239-438A-A64D-4FC84651412D}.Release|Any CPU.ActiveCfg = Release|Any CPU
		{69BC0E66-C239-438A-A64D-4FC84651412D}.Release|Any CPU.Build.0 = Release|Any CPU
		{B9E80333-3A5E-4193-9698-272235FF02EB}.Debug|Any CPU.ActiveCfg = Debug|Any CPU
		{B9E80333-3A5E-4193-9698-272235FF02EB}.Debug|Any CPU.Build.0 = Debug|Any CPU
		{B9E80333-3A5E-4193-9698-272235FF02EB}.Release|Any CPU.ActiveCfg = Release|Any CPU
		{B9E80333-3A5E-4193-9698-272235FF02EB}.Release|Any CPU.Build.0 = Release|Any CPU
		{FA1160F2-CEF9-4C24-9B78-7B58D426CC14}.Debug|Any CPU.ActiveCfg = Debug|Any CPU
		{FA1160F2-CEF9-4C24-9B78-7B58D426CC14}.Debug|Any CPU.Build.0 = Debug|Any CPU
		{FA1160F2-CEF9-4C24-9B78-7B58D426CC14}.Release|Any CPU.ActiveCfg = Release|Any CPU
		{FA1160F2-CEF9-4C24-9B78-7B58D426CC14}.Release|Any CPU.Build.0 = Release|Any CPU
		{DF5466C9-F87B-4EDE-BA58-E2D0FFB0871B}.Debug|Any CPU.ActiveCfg = Debug|Any CPU
		{DF5466C9-F87B-4EDE-BA58-E2D0FFB0871B}.Debug|Any CPU.Build.0 = Debug|Any CPU
		{DF5466C9-F87B-4EDE-BA58-E2D0FFB0871B}.Release|Any CPU.ActiveCfg = Release|Any CPU
		{DF5466C9-F87B-4EDE-BA58-E2D0FFB0871B}.Release|Any CPU.Build.0 = Release|Any CPU
		{19E25291-6EE1-4DA6-A55D-8DD8AF806E73}.Debug|Any CPU.ActiveCfg = Debug|Any CPU
		{19E25291-6EE1-4DA6-A55D-8DD8AF806E73}.Debug|Any CPU.Build.0 = Debug|Any CPU
		{19E25291-6EE1-4DA6-A55D-8DD8AF806E73}.Release|Any CPU.ActiveCfg = Release|Any CPU
		{19E25291-6EE1-4DA6-A55D-8DD8AF806E73}.Release|Any CPU.Build.0 = Release|Any CPU
	EndGlobalSection
EndGlobal
